
Microsoft Visual Studio Solution File, Format Version 12.00
# Visual Studio 15
VisualStudioVersion = 15.0.28307.757
MinimumVisualStudioVersion = 10.0.40219.1
Project("{FAE04EC0-301F-11D3-BF4B-00C04F79EFBC}") = "CubeSummation2", "CubeSummation2\CubeSummation2.csproj", "{4F6E158F-7A8A-466E-93FE-28B3E3FED93F}"
EndProject
Project("{9A19103F-16F7-4668-BE54-9A1E7A4F7556}") = "CubeSummation.Contracts", "CubeSummation.Contracts\CubeSummation.Contracts.csproj", "{C9A7CE09-4440-4176-8965-5485FFD07897}"
EndProject
Project("{9A19103F-16F7-4668-BE54-9A1E7A4F7556}") = "CubeSummation.Entities", "CubeSummation.Entities\CubeSummation.Entities.csproj", "{DD7D83D9-C94A-4CAD-B8D1-851A6AD7E258}"
EndProject
Project("{9A19103F-16F7-4668-BE54-9A1E7A4F7556}") = "CubeSummation.Repository", "CubeSummation.Repository\CubeSummation.Repository.csproj", "{935BE2A2-2069-47D2-A916-DA77FC280DA5}"
EndProject
Project("{9A19103F-16F7-4668-BE54-9A1E7A4F7556}") = "CubeSummation.Services", "CubeSummation.Services\CubeSummation.Services.csproj", "{6B4B812E-E4A9-467E-8A06-B5688BEFBD5B}"
EndProject
Global
	GlobalSection(SolutionConfigurationPlatforms) = preSolution
		Debug|Any CPU = Debug|Any CPU
		Release|Any CPU = Release|Any CPU
	EndGlobalSection
	GlobalSection(ProjectConfigurationPlatforms) = postSolution
		{4F6E158F-7A8A-466E-93FE-28B3E3FED93F}.Debug|Any CPU.ActiveCfg = Debug|Any CPU
		{4F6E158F-7A8A-466E-93FE-28B3E3FED93F}.Debug|Any CPU.Build.0 = Debug|Any CPU
		{4F6E158F-7A8A-466E-93FE-28B3E3FED93F}.Release|Any CPU.ActiveCfg = Release|Any CPU
		{4F6E158F-7A8A-466E-93FE-28B3E3FED93F}.Release|Any CPU.Build.0 = Release|Any CPU
		{C9A7CE09-4440-4176-8965-5485FFD07897}.Debug|Any CPU.ActiveCfg = Debug|Any CPU
		{C9A7CE09-4440-4176-8965-5485FFD07897}.Debug|Any CPU.Build.0 = Debug|Any CPU
		{C9A7CE09-4440-4176-8965-5485FFD07897}.Release|Any CPU.ActiveCfg = Release|Any CPU
		{C9A7CE09-4440-4176-8965-5485FFD07897}.Release|Any CPU.Build.0 = Release|Any CPU
		{DD7D83D9-C94A-4CAD-B8D1-851A6AD7E258}.Debug|Any CPU.ActiveCfg = Debug|Any CPU
		{DD7D83D9-C94A-4CAD-B8D1-851A6AD7E258}.Debug|Any CPU.Build.0 = Debug|Any CPU
		{DD7D83D9-C94A-4CAD-B8D1-851A6AD7E258}.Release|Any CPU.ActiveCfg = Release|Any CPU
		{DD7D83D9-C94A-4CAD-B8D1-851A6AD7E258}.Release|Any CPU.Build.0 = Release|Any CPU
		{935BE2A2-2069-47D2-A916-DA77FC280DA5}.Debug|Any CPU.ActiveCfg = Debug|Any CPU
		{935BE2A2-2069-47D2-A916-DA77FC280DA5}.Debug|Any CPU.Build.0 = Debug|Any CPU
		{935BE2A2-2069-47D2-A916-DA77FC280DA5}.Release|Any CPU.ActiveCfg = Release|Any CPU
		{935BE2A2-2069-47D2-A916-DA77FC280DA5}.Release|Any CPU.Build.0 = Release|Any CPU
		{6B4B812E-E4A9-467E-8A06-B5688BEFBD5B}.Debug|Any CPU.ActiveCfg = Debug|Any CPU
		{6B4B812E-E4A9-467E-8A06-B5688BEFBD5B}.Debug|Any CPU.Build.0 = Debug|Any CPU
		{6B4B812E-E4A9-467E-8A06-B5688BEFBD5B}.Release|Any CPU.ActiveCfg = Release|Any CPU
		{6B4B812E-E4A9-467E-8A06-B5688BEFBD5B}.Release|Any CPU.Build.0 = Release|Any CPU
	EndGlobalSection
	GlobalSection(SolutionProperties) = preSolution
		HideSolutionNode = FALSE
	EndGlobalSection
	GlobalSection(ExtensibilityGlobals) = postSolution
		SolutionGuid = {ED8B4992-D393-4395-B180-9DD0B5ABBCCC}
	EndGlobalSection
EndGlobal
