
Microsoft Visual Studio Solution File, Format Version 12.00
# Visual Studio 15
VisualStudioVersion = 15.0.28307.757
MinimumVisualStudioVersion = 10.0.40219.1
Project("{9A19103F-16F7-4668-BE54-9A1E7A4F7556}") = "CubeSummation", "CubeSummation\CubeSummation.csproj", "{80488075-2F4B-4913-9DED-843290783F80}"
EndProject
Project("{FAE04EC0-301F-11D3-BF4B-00C04F79EFBC}") = "CubeSummation.Entities", "CubeSummation.Entities\CubeSummation.Entities.csproj", "{D74F06B0-E871-4E6B-8A2D-F43B46114BDA}"
EndProject
Project("{FAE04EC0-301F-11D3-BF4B-00C04F79EFBC}") = "CubeSummation.Repository", "CubeSummation.Repository\CubeSummation.Repository.csproj", "{4731BCDB-B752-486B-AD05-2FE7E7FF170A}"
EndProject
Project("{FAE04EC0-301F-11D3-BF4B-00C04F79EFBC}") = "CubeSummation.Contracts", "CubeSummation.Contracts\CubeSummation.Contracts.csproj", "{88A25254-C3D6-442F-BEF0-CDC18E7F6D59}"
EndProject
Global
	GlobalSection(SolutionConfigurationPlatforms) = preSolution
		Debug|Any CPU = Debug|Any CPU
		Release|Any CPU = Release|Any CPU
	EndGlobalSection
	GlobalSection(ProjectConfigurationPlatforms) = postSolution
		{80488075-2F4B-4913-9DED-843290783F80}.Debug|Any CPU.ActiveCfg = Debug|Any CPU
		{80488075-2F4B-4913-9DED-843290783F80}.Debug|Any CPU.Build.0 = Debug|Any CPU
		{80488075-2F4B-4913-9DED-843290783F80}.Release|Any CPU.ActiveCfg = Release|Any CPU
		{80488075-2F4B-4913-9DED-843290783F80}.Release|Any CPU.Build.0 = Release|Any CPU
		{D74F06B0-E871-4E6B-8A2D-F43B46114BDA}.Debug|Any CPU.ActiveCfg = Debug|Any CPU
		{D74F06B0-E871-4E6B-8A2D-F43B46114BDA}.Debug|Any CPU.Build.0 = Debug|Any CPU
		{D74F06B0-E871-4E6B-8A2D-F43B46114BDA}.Release|Any CPU.ActiveCfg = Release|Any CPU
		{D74F06B0-E871-4E6B-8A2D-F43B46114BDA}.Release|Any CPU.Build.0 = Release|Any CPU
		{4731BCDB-B752-486B-AD05-2FE7E7FF170A}.Debug|Any CPU.ActiveCfg = Debug|Any CPU
		{4731BCDB-B752-486B-AD05-2FE7E7FF170A}.Debug|Any CPU.Build.0 = Debug|Any CPU
		{4731BCDB-B752-486B-AD05-2FE7E7FF170A}.Release|Any CPU.ActiveCfg = Release|Any CPU
		{4731BCDB-B752-486B-AD05-2FE7E7FF170A}.Release|Any CPU.Build.0 = Release|Any CPU
		{88A25254-C3D6-442F-BEF0-CDC18E7F6D59}.Debug|Any CPU.ActiveCfg = Debug|Any CPU
		{88A25254-C3D6-442F-BEF0-CDC18E7F6D59}.Debug|Any CPU.Build.0 = Debug|Any CPU
		{88A25254-C3D6-442F-BEF0-CDC18E7F6D59}.Release|Any CPU.ActiveCfg = Release|Any CPU
		{88A25254-C3D6-442F-BEF0-CDC18E7F6D59}.Release|Any CPU.Build.0 = Release|Any CPU
	EndGlobalSection
	GlobalSection(SolutionProperties) = preSolution
		HideSolutionNode = FALSE
	EndGlobalSection
	GlobalSection(ExtensibilityGlobals) = postSolution
		SolutionGuid = {6B4C1037-B1A6-4047-A6FF-91F21614BE34}
	EndGlobalSection
EndGlobal
